# This file is automatically @generated by Cargo.
# It is not intended for manual editing.
version = 4

[[package]]
name = "trait_example"
version = "0.1.0"

[[package]]
name = "trait_example_old"
version = "0.1.0"

[[package]]
name = "trait_fuel_example"
version = "0.1.0"

[[package]]
name = "trait_holder"
version = "0.1.0"

[[package]]
name = "trait_logger"
version = "0.1.0"
